// !$*UTF8*$!
{
	archiveVersion = 1;
	classes = {
	};
	objectVersion = 50;
	objects = {

/* Begin PBXBuildFile section */
		5B6A47692B80E60C0054ED61 /* Tests_iOS.swift in Sources */ = {isa = PBXBuildFile; fileRef = 5B6A47682B80E60C0054ED61 /* Tests_iOS.swift */; };
		5B6A47742B80E60C0054ED61 /* Tests_macOS.swift in Sources */ = {isa = PBXBuildFile; fileRef = 5B6A47732B80E60C0054ED61 /* Tests_macOS.swift */; };
		5B6A47762B80E60C0054ED61 /* FacebookMessengerApp.swift in Sources */ = {isa = PBXBuildFile; fileRef = 5B6A474D2B80E6090054ED61 /* FacebookMessengerApp.swift */; };
		5B6A47772B80E60C0054ED61 /* FacebookMessengerApp.swift in Sources */ = {isa = PBXBuildFile; fileRef = 5B6A474D2B80E6090054ED61 /* FacebookMessengerApp.swift */; };
		5B6A47782B80E60C0054ED61 /* ContentView.swift in Sources */ = {isa = PBXBuildFile; fileRef = 5B6A474E2B80E6090054ED61 /* ContentView.swift */; };
		5B6A47792B80E60C0054ED61 /* ContentView.swift in Sources */ = {isa = PBXBuildFile; fileRef = 5B6A474E2B80E6090054ED61 /* ContentView.swift */; };
		5B6A477A2B80E60C0054ED61 /* Assets.xcassets in Resources */ = {isa = PBXBuildFile; fileRef = 5B6A474F2B80E60C0054ED61 /* Assets.xcassets */; };
		5B6A477B2B80E60C0054ED61 /* Assets.xcassets in Resources */ = {isa = PBXBuildFile; fileRef = 5B6A474F2B80E60C0054ED61 /* Assets.xcassets */; };
/* End PBXBuildFile section */

/* Begin PBXContainerItemProxy section */
		5B6A47652B80E60C0054ED61 /* PBXContainerItemProxy */ = {
			isa = PBXContainerItemProxy;
			containerPortal = 5B6A47482B80E6090054ED61 /* Project object */;
			proxyType = 1;
			remoteGlobalIDString = 5B6A47532B80E60C0054ED61;
			remoteInfo = "FacebookMessenger (iOS)";
		};
		5B6A47702B80E60C0054ED61 /* PBXContainerItemProxy */ = {
			isa = PBXContainerItemProxy;
			containerPortal = 5B6A47482B80E6090054ED61 /* Project object */;
			proxyType = 1;
			remoteGlobalIDString = 5B6A475B2B80E60C0054ED61;
			remoteInfo = "FacebookMessenger (macOS)";
		};
/* End PBXContainerItemProxy section */

/* Begin PBXFileReference section */
		5B6A474D2B80E6090054ED61 /* FacebookMessengerApp.swift */ = {isa = PBXFileReference; lastKnownFileType = sourcecode.swift; path = FacebookMessengerApp.swift; sourceTree = "<group>"; };
		5B6A474E2B80E6090054ED61 /* ContentView.swift */ = {isa = PBXFileReference; lastKnownFileType = sourcecode.swift; path = ContentView.swift; sourceTree = "<group>"; };
		5B6A474F2B80E60C0054ED61 /* Assets.xcassets */ = {isa = PBXFileReference; lastKnownFileType = folder.assetcatalog; path = Assets.xcassets; sourceTree = "<group>"; };
		5B6A47542B80E60C0054ED61 /* FacebookMessenger.app */ = {isa = PBXFileReference; explicitFileType = wrapper.application; includeInIndex = 0; path = FacebookMessenger.app; sourceTree = BUILT_PRODUCTS_DIR; };
		5B6A47572B80E60C0054ED61 /* Info.plist */ = {isa = PBXFileReference; lastKnownFileType = text.plist.xml; path = Info.plist; sourceTree = "<group>"; };
		5B6A475C2B80E60C0054ED61 /* FacebookMessenger.app */ = {isa = PBXFileReference; explicitFileType = wrapper.application; includeInIndex = 0; path = FacebookMessenger.app; sourceTree = BUILT_PRODUCTS_DIR; };
		5B6A475E2B80E60C0054ED61 /* Info.plist */ = {isa = PBXFileReference; lastKnownFileType = text.plist.xml; path = Info.plist; sourceTree = "<group>"; };
		5B6A475F2B80E60C0054ED61 /* macOS.entitlements */ = {isa = PBXFileReference; lastKnownFileType = text.plist.entitlements; path = macOS.entitlements; sourceTree = "<group>"; };
		5B6A47642B80E60C0054ED61 /* Tests iOS.xctest */ = {isa = PBXFileReference; explicitFileType = wrapper.cfbundle; includeInIndex = 0; path = "Tests iOS.xctest"; sourceTree = BUILT_PRODUCTS_DIR; };
		5B6A47682B80E60C0054ED61 /* Tests_iOS.swift */ = {isa = PBXFileReference; lastKnownFileType = sourcecode.swift; path = Tests_iOS.swift; sourceTree = "<group>"; };
		5B6A476A2B80E60C0054ED61 /* Info.plist */ = {isa = PBXFileReference; lastKnownFileType = text.plist.xml; path = Info.plist; sourceTree = "<group>"; };
		5B6A476F2B80E60C0054ED61 /* Tests macOS.xctest */ = {isa = PBXFileReference; explicitFileType = wrapper.cfbundle; includeInIndex = 0; path = "Tests macOS.xctest"; sourceTree = BUILT_PRODUCTS_DIR; };
		5B6A47732B80E60C0054ED61 /* Tests_macOS.swift */ = {isa = PBXFileReference; lastKnownFileType = sourcecode.swift; path = Tests_macOS.swift; sourceTree = "<group>"; };
		5B6A47752B80E60C0054ED61 /* Info.plist */ = {isa = PBXFileReference; lastKnownFileType = text.plist.xml; path = Info.plist; sourceTree = "<group>"; };
/* End PBXFileReference section */

/* Begin PBXFrameworksBuildPhase section */
		5B6A47512B80E60C0054ED61 /* Frameworks */ = {
			isa = PBXFrameworksBuildPhase;
			buildActionMask = 2147483647;
			files = (
			);
			runOnlyForDeploymentPostprocessing = 0;
		};
		5B6A47592B80E60C0054ED61 /* Frameworks */ = {
			isa = PBXFrameworksBuildPhase;
			buildActionMask = 2147483647;
			files = (
			);
			runOnlyForDeploymentPostprocessing = 0;
		};
		5B6A47612B80E60C0054ED61 /* Frameworks */ = {
			isa = PBXFrameworksBuildPhase;
			buildActionMask = 2147483647;
			files = (
			);
			runOnlyForDeploymentPostprocessing = 0;
		};
		5B6A476C2B80E60C0054ED61 /* Frameworks */ = {
			isa = PBXFrameworksBuildPhase;
			buildActionMask = 2147483647;
			files = (
			);
			runOnlyForDeploymentPostprocessing = 0;
		};
/* End PBXFrameworksBuildPhase section */

/* Begin PBXGroup section */
		5B6A47472B80E6090054ED61 = {
			isa = PBXGroup;
			children = (
				5B6A474C2B80E6090054ED61 /* Shared */,
				5B6A47562B80E60C0054ED61 /* iOS */,
				5B6A475D2B80E60C0054ED61 /* macOS */,
				5B6A47672B80E60C0054ED61 /* Tests iOS */,
				5B6A47722B80E60C0054ED61 /* Tests macOS */,
				5B6A47552B80E60C0054ED61 /* Products */,
			);
			sourceTree = "<group>";
		};
		5B6A474C2B80E6090054ED61 /* Shared */ = {
			isa = PBXGroup;
			children = (
				5B6A474D2B80E6090054ED61 /* FacebookMessengerApp.swift */,
				5B6A474E2B80E6090054ED61 /* ContentView.swift */,
				5B6A474F2B80E60C0054ED61 /* Assets.xcassets */,
			);
			path = Shared;
			sourceTree = "<group>";
		};
		5B6A47552B80E60C0054ED61 /* Products */ = {
			isa = PBXGroup;
			children = (
				5B6A47542B80E60C0054ED61 /* FacebookMessenger.app */,
				5B6A475C2B80E60C0054ED61 /* FacebookMessenger.app */,
				5B6A47642B80E60C0054ED61 /* Tests iOS.xctest */,
				5B6A476F2B80E60C0054ED61 /* Tests macOS.xctest */,
			);
			name = Products;
			sourceTree = "<group>";
		};
		5B6A47562B80E60C0054ED61 /* iOS */ = {
			isa = PBXGroup;
			children = (
				5B6A47572B80E60C0054ED61 /* Info.plist */,
			);
			path = iOS;
			sourceTree = "<group>";
		};
		5B6A475D2B80E60C0054ED61 /* macOS */ = {
			isa = PBXGroup;
			children = (
				5B6A475E2B80E60C0054ED61 /* Info.plist */,
				5B6A475F2B80E60C0054ED61 /* macOS.entitlements */,
			);
			path = macOS;
			sourceTree = "<group>";
		};
		5B6A47672B80E60C0054ED61 /* Tests iOS */ = {
			isa = PBXGroup;
			children = (
				5B6A47682B80E60C0054ED61 /* Tests_iOS.swift */,
				5B6A476A2B80E60C0054ED61 /* Info.plist */,
			);
			path = "Tests iOS";
			sourceTree = "<group>";
		};
		5B6A47722B80E60C0054ED61 /* Tests macOS */ = {
			isa = PBXGroup;
			children = (
				5B6A47732B80E60C0054ED61 /* Tests_macOS.swift */,
				5B6A47752B80E60C0054ED61 /* Info.plist */,
			);
			path = "Tests macOS";
			sourceTree = "<group>";
		};
/* End PBXGroup section */

/* Begin PBXNativeTarget section */
		5B6A47532B80E60C0054ED61 /* FacebookMessenger (iOS) */ = {
			isa = PBXNativeTarget;
			buildConfigurationList = 5B6A477E2B80E60C0054ED61 /* Build configuration list for PBXNativeTarget "FacebookMessenger (iOS)" */;
			buildPhases = (
				5B6A47502B80E60C0054ED61 /* Sources */,
				5B6A47512B80E60C0054ED61 /* Frameworks */,
				5B6A47522B80E60C0054ED61 /* Resources */,
			);
			buildRules = (
			);
			dependencies = (
			);
			name = "FacebookMessenger (iOS)";
			productName = "FacebookMessenger (iOS)";
			productReference = 5B6A47542B80E60C0054ED61 /* FacebookMessenger.app */;
			productType = "com.apple.product-type.application";
		};
		5B6A475B2B80E60C0054ED61 /* FacebookMessenger (macOS) */ = {
			isa = PBXNativeTarget;
			buildConfigurationList = 5B6A47812B80E60C0054ED61 /* Build configuration list for PBXNativeTarget "FacebookMessenger (macOS)" */;
			buildPhases = (
				5B6A47582B80E60C0054ED61 /* Sources */,
				5B6A47592B80E60C0054ED61 /* Frameworks */,
				5B6A475A2B80E60C0054ED61 /* Resources */,
			);
			buildRules = (
			);
			dependencies = (
			);
			name = "FacebookMessenger (macOS)";
			productName = "FacebookMessenger (macOS)";
			productReference = 5B6A475C2B80E60C0054ED61 /* FacebookMessenger.app */;
			productType = "com.apple.product-type.application";
		};
		5B6A47632B80E60C0054ED61 /* Tests iOS */ = {
			isa = PBXNativeTarget;
			buildConfigurationList = 5B6A47842B80E60C0054ED61 /* Build configuration list for PBXNativeTarget "Tests iOS" */;
			buildPhases = (
				5B6A47602B80E60C0054ED61 /* Sources */,
				5B6A47612B80E60C0054ED61 /* Frameworks */,
				5B6A47622B80E60C0054ED61 /* Resources */,
			);
			buildRules = (
			);
			dependencies = (
				5B6A47662B80E60C0054ED61 /* PBXTargetDependency */,
			);
			name = "Tests iOS";
			productName = "Tests iOS";
			productReference = 5B6A47642B80E60C0054ED61 /* Tests iOS.xctest */;
			productType = "com.apple.product-type.bundle.ui-testing";
		};
		5B6A476E2B80E60C0054ED61 /* Tests macOS */ = {
			isa = PBXNativeTarget;
			buildConfigurationList = 5B6A47872B80E60C0054ED61 /* Build configuration list for PBXNativeTarget "Tests macOS" */;
			buildPhases = (
				5B6A476B2B80E60C0054ED61 /* Sources */,
				5B6A476C2B80E60C0054ED61 /* Frameworks */,
				5B6A476D2B80E60C0054ED61 /* Resources */,
			);
			buildRules = (
			);
			dependencies = (
				5B6A47712B80E60C0054ED61 /* PBXTargetDependency */,
			);
			name = "Tests macOS";
			productName = "Tests macOS";
			productReference = 5B6A476F2B80E60C0054ED61 /* Tests macOS.xctest */;
			productType = "com.apple.product-type.bundle.ui-testing";
		};
/* End PBXNativeTarget section */

/* Begin PBXProject section */
		5B6A47482B80E6090054ED61 /* Project object */ = {
			isa = PBXProject;
			attributes = {
				LastSwiftUpdateCheck = 1250;
				LastUpgradeCheck = 1250;
				TargetAttributes = {
					5B6A47532B80E60C0054ED61 = {
						CreatedOnToolsVersion = 12.5.1;
					};
					5B6A475B2B80E60C0054ED61 = {
						CreatedOnToolsVersion = 12.5.1;
					};
					5B6A47632B80E60C0054ED61 = {
						CreatedOnToolsVersion = 12.5.1;
						TestTargetID = 5B6A47532B80E60C0054ED61;
					};
					5B6A476E2B80E60C0054ED61 = {
						CreatedOnToolsVersion = 12.5.1;
						TestTargetID = 5B6A475B2B80E60C0054ED61;
					};
				};
			};
			buildConfigurationList = 5B6A474B2B80E6090054ED61 /* Build configuration list for PBXProject "FacebookMessenger" */;
			compatibilityVersion = "Xcode 9.3";
			developmentRegion = en;
			hasScannedForEncodings = 0;
			knownRegions = (
				en,
				Base,
			);
			mainGroup = 5B6A47472B80E6090054ED61;
			productRefGroup = 5B6A47552B80E60C0054ED61 /* Products */;
			projectDirPath = "";
			projectRoot = "";
			targets = (
				5B6A47532B80E60C0054ED61 /* FacebookMessenger (iOS) */,
				5B6A475B2B80E60C0054ED61 /* FacebookMessenger (macOS) */,
				5B6A47632B80E60C0054ED61 /* Tests iOS */,
				5B6A476E2B80E60C0054ED61 /* Tests macOS */,
			);
		};
/* End PBXProject section */

/* Begin PBXResourcesBuildPhase section */
		5B6A47522B80E60C0054ED61 /* Resources */ = {
			isa = PBXResourcesBuildPhase;
			buildActionMask = 2147483647;
			files = (
				5B6A477A2B80E60C0054ED61 /* Assets.xcassets in Resources */,
			);
			runOnlyForDeploymentPostprocessing = 0;
		};
		5B6A475A2B80E60C0054ED61 /* Resources */ = {
			isa = PBXResourcesBuildPhase;
			buildActionMask = 2147483647;
			files = (
				5B6A477B2B80E60C0054ED61 /* Assets.xcassets in Resources */,
			);
			runOnlyForDeploymentPostprocessing = 0;
		};
		5B6A47622B80E60C0054ED61 /* Resources */ = {
			isa = PBXResourcesBuildPhase;
			buildActionMask = 2147483647;
			files = (
			);
			runOnlyForDeploymentPostprocessing = 0;
		};
		5B6A476D2B80E60C0054ED61 /* Resources */ = {
			isa = PBXResourcesBuildPhase;
			buildActionMask = 2147483647;
			files = (
			);
			runOnlyForDeploymentPostprocessing = 0;
		};
/* End PBXResourcesBuildPhase section */

/* Begin PBXSourcesBuildPhase section */
		5B6A47502B80E60C0054ED61 /* Sources */ = {
			isa = PBXSourcesBuildPhase;
			buildActionMask = 2147483647;
			files = (
				5B6A47782B80E60C0054ED61 /* ContentView.swift in Sources */,
				5B6A47762B80E60C0054ED61 /* FacebookMessengerApp.swift in Sources */,
			);
			runOnlyForDeploymentPostprocessing = 0;
		};
		5B6A47582B80E60C0054ED61 /* Sources */ = {
			isa = PBXSourcesBuildPhase;
			buildActionMask = 2147483647;
			files = (
				5B6A47792B80E60C0054ED61 /* ContentView.swift in Sources */,
				5B6A47772B80E60C0054ED61 /* FacebookMessengerApp.swift in Sources */,
			);
			runOnlyForDeploymentPostprocessing = 0;
		};
		5B6A47602B80E60C0054ED61 /* Sources */ = {
			isa = PBXSourcesBuildPhase;
			buildActionMask = 2147483647;
			files = (
				5B6A47692B80E60C0054ED61 /* Tests_iOS.swift in Sources */,
			);
			runOnlyForDeploymentPostprocessing = 0;
		};
		5B6A476B2B80E60C0054ED61 /* Sources */ = {
			isa = PBXSourcesBuildPhase;
			buildActionMask = 2147483647;
			files = (
				5B6A47742B80E60C0054ED61 /* Tests_macOS.swift in Sources */,
			);
			runOnlyForDeploymentPostprocessing = 0;
		};
/* End PBXSourcesBuildPhase section */

/* Begin PBXTargetDependency section */
		5B6A47662B80E60C0054ED61 /* PBXTargetDependency */ = {
			isa = PBXTargetDependency;
			target = 5B6A47532B80E60C0054ED61 /* FacebookMessenger (iOS) */;
			targetProxy = 5B6A47652B80E60C0054ED61 /* PBXContainerItemProxy */;
		};
		5B6A47712B80E60C0054ED61 /* PBXTargetDependency */ = {
			isa = PBXTargetDependency;
			target = 5B6A475B2B80E60C0054ED61 /* FacebookMessenger (macOS) */;
			targetProxy = 5B6A47702B80E60C0054ED61 /* PBXContainerItemProxy */;
		};
/* End PBXTargetDependency section */

/* Begin XCBuildConfiguration section */
		5B6A477C2B80E60C0054ED61 /* Debug */ = {
			isa = XCBuildConfiguration;
			buildSettings = {
				ALWAYS_SEARCH_USER_PATHS = NO;
				CLANG_ANALYZER_NONNULL = YES;
				CLANG_ANALYZER_NUMBER_OBJECT_CONVERSION = YES_AGGRESSIVE;
				CLANG_CXX_LANGUAGE_STANDARD = "gnu++14";
				CLANG_CXX_LIBRARY = "libc++";
				CLANG_ENABLE_MODULES = YES;
				CLANG_ENABLE_OBJC_ARC = YES;
				CLANG_ENABLE_OBJC_WEAK = YES;
				CLANG_WARN_BLOCK_CAPTURE_AUTORELEASING = YES;
				CLANG_WARN_BOOL_CONVERSION = YES;
				CLANG_WARN_COMMA = YES;
				CLANG_WARN_CONSTANT_CONVERSION = YES;
				CLANG_WARN_DEPRECATED_OBJC_IMPLEMENTATIONS = YES;
				CLANG_WARN_DIRECT_OBJC_ISA_USAGE = YES_ERROR;
				CLANG_WARN_DOCUMENTATION_COMMENTS = YES;
				CLANG_WARN_EMPTY_BODY = YES;
				CLANG_WARN_ENUM_CONVERSION = YES;
				CLANG_WARN_INFINITE_RECURSION = YES;
				CLANG_WARN_INT_CONVERSION = YES;
				CLANG_WARN_NON_LITERAL_NULL_CONVERSION = YES;
				CLANG_WARN_OBJC_IMPLICIT_RETAIN_SELF = YES;
				CLANG_WARN_OBJC_LITERAL_CONVERSION = YES;
				CLANG_WARN_OBJC_ROOT_CLASS = YES_ERROR;
				CLANG_WARN_QUOTED_INCLUDE_IN_FRAMEWORK_HEADER = YES;
				CLANG_WARN_RANGE_LOOP_ANALYSIS = YES;
				CLANG_WARN_STRICT_PROTOTYPES = YES;
				CLANG_WARN_SUSPICIOUS_MOVE = YES;
				CLANG_WARN_UNGUARDED_AVAILABILITY = YES_AGGRESSIVE;
				CLANG_WARN_UNREACHABLE_CODE = YES;
				CLANG_WARN__DUPLICATE_METHOD_MATCH = YES;
				COPY_PHASE_STRIP = NO;
				DEBUG_INFORMATION_FORMAT = dwarf;
				ENABLE_STRICT_OBJC_MSGSEND = YES;
				ENABLE_TESTABILITY = YES;
				GCC_C_LANGUAGE_STANDARD = gnu11;
				GCC_DYNAMIC_NO_PIC = NO;
				GCC_NO_COMMON_BLOCKS = YES;
				GCC_OPTIMIZATION_LEVEL = 0;
				GCC_PREPROCESSOR_DEFINITIONS = (
					"DEBUG=1",
					"$(inherited)",
				);
				GCC_WARN_64_TO_32_BIT_CONVERSION = YES;
				GCC_WARN_ABOUT_RETURN_TYPE = YES_ERROR;
				GCC_WARN_UNDECLARED_SELECTOR = YES;
				GCC_WARN_UNINITIALIZED_AUTOS = YES_AGGRESSIVE;
				GCC_WARN_UNUSED_FUNCTION = YES;
				GCC_WARN_UNUSED_VARIABLE = YES;
				MTL_ENABLE_DEBUG_INFO = INCLUDE_SOURCE;
				MTL_FAST_MATH = YES;
				ONLY_ACTIVE_ARCH = YES;
				SWIFT_ACTIVE_COMPILATION_CONDITIONS = DEBUG;
				SWIFT_OPTIMIZATION_LEVEL = "-Onone";
			};
			name = Debug;
		};
		5B6A477D2B80E60C0054ED61 /* Release */ = {
			isa = XCBuildConfiguration;
			buildSettings = {
				ALWAYS_SEARCH_USER_PATHS = NO;
				CLANG_ANALYZER_NONNULL = YES;
				CLANG_ANALYZER_NUMBER_OBJECT_CONVERSION = YES_AGGRESSIVE;
				CLANG_CXX_LANGUAGE_STANDARD = "gnu++14";
				CLANG_CXX_LIBRARY = "libc++";
				CLANG_ENABLE_MODULES = YES;
				CLANG_ENABLE_OBJC_ARC = YES;
				CLANG_ENABLE_OBJC_WEAK = YES;
				CLANG_WARN_BLOCK_CAPTURE_AUTORELEASING = YES;
				CLANG_WARN_BOOL_CONVERSION = YES;
				CLANG_WARN_COMMA = YES;
				CLANG_WARN_CONSTANT_CONVERSION = YES;
				CLANG_WARN_DEPRECATED_OBJC_IMPLEMENTATIONS = YES;
				CLANG_WARN_DIRECT_OBJC_ISA_USAGE = YES_ERROR;
				CLANG_WARN_DOCUMENTATION_COMMENTS = YES;
				CLANG_WARN_EMPTY_BODY = YES;
				CLANG_WARN_ENUM_CONVERSION = YES;
				CLANG_WARN_INFINITE_RECURSION = YES;
				CLANG_WARN_INT_CONVERSION = YES;
				CLANG_WARN_NON_LITERAL_NULL_CONVERSION = YES;
				CLANG_WARN_OBJC_IMPLICIT_RETAIN_SELF = YES;
				CLANG_WARN_OBJC_LITERAL_CONVERSION = YES;
				CLANG_WARN_OBJC_ROOT_CLASS = YES_ERROR;
				CLANG_WARN_QUOTED_INCLUDE_IN_FRAMEWORK_HEADER = YES;
				CLANG_WARN_RANGE_LOOP_ANALYSIS = YES;
				CLANG_WARN_STRICT_PROTOTYPES = YES;
				CLANG_WARN_SUSPICIOUS_MOVE = YES;
				CLANG_WARN_UNGUARDED_AVAILABILITY = YES_AGGRESSIVE;
				CLANG_WARN_UNREACHABLE_CODE = YES;
				CLANG_WARN__DUPLICATE_METHOD_MATCH = YES;
				COPY_PHASE_STRIP = NO;
				DEBUG_INFORMATION_FORMAT = "dwarf-with-dsym";
				ENABLE_NS_ASSERTIONS = NO;
				ENABLE_STRICT_OBJC_MSGSEND = YES;
				GCC_C_LANGUAGE_STANDARD = gnu11;
				GCC_NO_COMMON_BLOCKS = YES;
				GCC_WARN_64_TO_32_BIT_CONVERSION = YES;
				GCC_WARN_ABOUT_RETURN_TYPE = YES_ERROR;
				GCC_WARN_UNDECLARED_SELECTOR = YES;
				GCC_WARN_UNINITIALIZED_AUTOS = YES_AGGRESSIVE;
				GCC_WARN_UNUSED_FUNCTION = YES;
				GCC_WARN_UNUSED_VARIABLE = YES;
				MTL_ENABLE_DEBUG_INFO = NO;
				MTL_FAST_MATH = YES;
				SWIFT_COMPILATION_MODE = wholemodule;
				SWIFT_OPTIMIZATION_LEVEL = "-O";
			};
			name = Release;
		};
		5B6A477F2B80E60C0054ED61 /* Debug */ = {
			isa = XCBuildConfiguration;
			buildSettings = {
				ASSETCATALOG_COMPILER_APPICON_NAME = AppIcon;
				ASSETCATALOG_COMPILER_GLOBAL_ACCENT_COLOR_NAME = AccentColor;
				CODE_SIGN_STYLE = Automatic;
				DEVELOPMENT_TEAM = 368DX34JB3;
				ENABLE_PREVIEWS = YES;
				INFOPLIST_FILE = iOS/Info.plist;
				IPHONEOS_DEPLOYMENT_TARGET = 14.0;
				LD_RUNPATH_SEARCH_PATHS = (
					"$(inherited)",
					"@executable_path/Frameworks",
				);
				PRODUCT_BUNDLE_IDENTIFIER = FacebookMessenger.FacebookMessenger;
				PRODUCT_NAME = FacebookMessenger;
				SDKROOT = iphoneos;
				SWIFT_VERSION = 5.0;
				TARGETED_DEVICE_FAMILY = "1,2";
			};
			name = Debug;
		};
		5B6A47802B80E60C0054ED61 /* Release */ = {
			isa = XCBuildConfiguration;
			buildSettings = {
				ASSETCATALOG_COMPILER_APPICON_NAME = AppIcon;
				ASSETCATALOG_COMPILER_GLOBAL_ACCENT_COLOR_NAME = AccentColor;
				CODE_SIGN_STYLE = Automatic;
				DEVELOPMENT_TEAM = 368DX34JB3;
				ENABLE_PREVIEWS = YES;
				INFOPLIST_FILE = iOS/Info.plist;
				IPHONEOS_DEPLOYMENT_TARGET = 14.0;
				LD_RUNPATH_SEARCH_PATHS = (
					"$(inherited)",
					"@executable_path/Frameworks",
				);
				PRODUCT_BUNDLE_IDENTIFIER = FacebookMessenger.FacebookMessenger;
				PRODUCT_NAME = FacebookMessenger;
				SDKROOT = iphoneos;
				SWIFT_VERSION = 5.0;
				TARGETED_DEVICE_FAMILY = "1,2";
				VALIDATE_PRODUCT = YES;
			};
			name = Release;
		};
		5B6A47822B80E60C0054ED61 /* Debug */ = {
			isa = XCBuildConfiguration;
			buildSettings = {
				ASSETCATALOG_COMPILER_APPICON_NAME = AppIcon;
				ASSETCATALOG_COMPILER_GLOBAL_ACCENT_COLOR_NAME = AccentColor;
				CODE_SIGN_ENTITLEMENTS = macOS/macOS.entitlements;
				CODE_SIGN_STYLE = Automatic;
				COMBINE_HIDPI_IMAGES = YES;
				DEVELOPMENT_TEAM = 368DX34JB3;
				ENABLE_HARDENED_RUNTIME = YES;
				ENABLE_PREVIEWS = YES;
				INFOPLIST_FILE = macOS/Info.plist;
				LD_RUNPATH_SEARCH_PATHS = (
					"$(inherited)",
					"@executable_path/../Frameworks",
				);
				MACOSX_DEPLOYMENT_TARGET = 11.0;
				PRODUCT_BUNDLE_IDENTIFIER = FacebookMessenger.FacebookMessenger;
				PRODUCT_NAME = FacebookMessenger;
				SDKROOT = macosx;
				SWIFT_VERSION = 5.0;
			};
			name = Debug;
		};
		5B6A47832B80E60C0054ED61 /* Release */ = {
			isa = XCBuildConfiguration;
			buildSettings = {
				ASSETCATALOG_COMPILER_APPICON_NAME = AppIcon;
				ASSETCATALOG_COMPILER_GLOBAL_ACCENT_COLOR_NAME = AccentColor;
				CODE_SIGN_ENTITLEMENTS = macOS/macOS.entitlements;
				CODE_SIGN_STYLE = Automatic;
				COMBINE_HIDPI_IMAGES = YES;
				DEVELOPMENT_TEAM = 368DX34JB3;
				ENABLE_HARDENED_RUNTIME = YES;
				ENABLE_PREVIEWS = YES;
				INFOPLIST_FILE = macOS/Info.plist;
				LD_RUNPATH_SEARCH_PATHS = (
					"$(inherited)",
					"@executable_path/../Frameworks",
				);
				MACOSX_DEPLOYMENT_TARGET = 11.0;
				PRODUCT_BUNDLE_IDENTIFIER = FacebookMessenger.FacebookMessenger;
				PRODUCT_NAME = FacebookMessenger;
				SDKROOT = macosx;
				SWIFT_VERSION = 5.0;
			};
			name = Release;
		};
		5B6A47852B80E60C0054ED61 /* Debug */ = {
			isa = XCBuildConfiguration;
			buildSettings = {
				ALWAYS_EMBED_SWIFT_STANDARD_LIBRARIES = YES;
				CODE_SIGN_STYLE = Automatic;
				DEVELOPMENT_TEAM = 368DX34JB3;
				INFOPLIST_FILE = "Tests iOS/Info.plist";
				IPHONEOS_DEPLOYMENT_TARGET = 14.5;
				LD_RUNPATH_SEARCH_PATHS = (
					"$(inherited)",
					"@executable_path/Frameworks",
					"@loader_path/Frameworks",
				);
				PRODUCT_BUNDLE_IDENTIFIER = "FacebookMessenger.Tests-iOS";
				PRODUCT_NAME = "$(TARGET_NAME)";
				SDKROOT = iphoneos;
				SWIFT_VERSION = 5.0;
				TARGETED_DEVICE_FAMILY = "1,2";
				TEST_TARGET_NAME = "FacebookMessenger (iOS)";
			};
			name = Debug;
		};
		5B6A47862B80E60C0054ED61 /* Release */ = {
			isa = XCBuildConfiguration;
			buildSettings = {
				ALWAYS_EMBED_SWIFT_STANDARD_LIBRARIES = YES;
				CODE_SIGN_STYLE = Automatic;
				DEVELOPMENT_TEAM = 368DX34JB3;
				INFOPLIST_FILE = "Tests iOS/Info.plist";
				IPHONEOS_DEPLOYMENT_TARGET = 14.5;
				LD_RUNPATH_SEARCH_PATHS = (
					"$(inherited)",
					"@executable_path/Frameworks",
					"@loader_path/Frameworks",
				);
				PRODUCT_BUNDLE_IDENTIFIER = "FacebookMessenger.Tests-iOS";
				PRODUCT_NAME = "$(TARGET_NAME)";
				SDKROOT = iphoneos;
				SWIFT_VERSION = 5.0;
				TARGETED_DEVICE_FAMILY = "1,2";
				TEST_TARGET_NAME = "FacebookMessenger (iOS)";
				VALIDATE_PRODUCT = YES;
			};
			name = Release;
		};
		5B6A47882B80E60C0054ED61 /* Debug */ = {
			isa = XCBuildConfiguration;
			buildSettings = {
				ALWAYS_EMBED_SWIFT_STANDARD_LIBRARIES = YES;
				CODE_SIGN_STYLE = Automatic;
				COMBINE_HIDPI_IMAGES = YES;
				DEVELOPMENT_TEAM = 368DX34JB3;
				INFOPLIST_FILE = "Tests macOS/Info.plist";
				LD_RUNPATH_SEARCH_PATHS = (
					"$(inherited)",
					"@executable_path/../Frameworks",
					"@loader_path/../Frameworks",
				);
				MACOSX_DEPLOYMENT_TARGET = 11.3;
				PRODUCT_BUNDLE_IDENTIFIER = "FacebookMessenger.Tests-macOS";
				PRODUCT_NAME = "$(TARGET_NAME)";
				SDKROOT = macosx;
				SWIFT_VERSION = 5.0;
				TEST_TARGET_NAME = "FacebookMessenger (macOS)";
			};
			name = Debug;
		};
		5B6A47892B80E60C0054ED61 /* Release */ = {
			isa = XCBuildConfiguration;
			buildSettings = {
				ALWAYS_EMBED_SWIFT_STANDARD_LIBRARIES = YES;
				CODE_SIGN_STYLE = Automatic;
				COMBINE_HIDPI_IMAGES = YES;
				DEVELOPMENT_TEAM = 368DX34JB3;
				INFOPLIST_FILE = "Tests macOS/Info.plist";
				LD_RUNPATH_SEARCH_PATHS = (
					"$(inherited)",
					"@executable_path/../Frameworks",
					"@loader_path/../Frameworks",
				);
				MACOSX_DEPLOYMENT_TARGET = 11.3;
				PRODUCT_BUNDLE_IDENTIFIER = "FacebookMessenger.Tests-macOS";
				PRODUCT_NAME = "$(TARGET_NAME)";
				SDKROOT = macosx;
				SWIFT_VERSION = 5.0;
				TEST_TARGET_NAME = "FacebookMessenger (macOS)";
			};
			name = Release;
		};
/* End XCBuildConfiguration section */

/* Begin XCConfigurationList section */
		5B6A474B2B80E6090054ED61 /* Build configuration list for PBXProject "FacebookMessenger" */ = {
			isa = XCConfigurationList;
			buildConfigurations = (
				5B6A477C2B80E60C0054ED61 /* Debug */,
				5B6A477D2B80E60C0054ED61 /* Release */,
			);
			defaultConfigurationIsVisible = 0;
			defaultConfigurationName = Release;
		};
		5B6A477E2B80E60C0054ED61 /* Build configuration list for PBXNativeTarget "FacebookMessenger (iOS)" */ = {
			isa = XCConfigurationList;
			buildConfigurations = (
				5B6A477F2B80E60C0054ED61 /* Debug */,
				5B6A47802B80E60C0054ED61 /* Release */,
			);
			defaultConfigurationIsVisible = 0;
			defaultConfigurationName = Release;
		};
		5B6A47812B80E60C0054ED61 /* Build configuration list for PBXNativeTarget "FacebookMessenger (macOS)" */ = {
			isa = XCConfigurationList;
			buildConfigurations = (
				5B6A47822B80E60C0054ED61 /* Debug */,
				5B6A47832B80E60C0054ED61 /* Release */,
			);
			defaultConfigurationIsVisible = 0;
			defaultConfigurationName = Release;
		};
		5B6A47842B80E60C0054ED61 /* Build configuration list for PBXNativeTarget "Tests iOS" */ = {
			isa = XCConfigurationList;
			buildConfigurations = (
				5B6A47852B80E60C0054ED61 /* Debug */,
				5B6A47862B80E60C0054ED61 /* Release */,
			);
			defaultConfigurationIsVisible = 0;
			defaultConfigurationName = Release;
		};
		5B6A47872B80E60C0054ED61 /* Build configuration list for PBXNativeTarget "Tests macOS" */ = {
			isa = XCConfigurationList;
			buildConfigurations = (
				5B6A47882B80E60C0054ED61 /* Debug */,
				5B6A47892B80E60C0054ED61 /* Release */,
			);
			defaultConfigurationIsVisible = 0;
			defaultConfigurationName = Release;
		};
/* End XCConfigurationList section */
	};
	rootObject = 5B6A47482B80E6090054ED61 /* Project object */;
}
